
Microsoft Visual Studio Solution File, Format Version 12.00
# Visual Studio Version 17
Project("{2150E333-8FDC-42A3-9474-1A3956D46DE8}") = "CMakePredefinedTargets", "CMakePredefinedTargets", "{B69E6AED-21C3-3C05-B9E2-E4332B2F2CB5}"
EndProject
Project("{8BC9CEB8-8B4A-11D0-8D11-00A0C91BC942}") = "ALL_BUILD", "ALL_BUILD.vcxproj", "{D8068C2B-6314-3FB5-90A3-766B01310698}"
	ProjectSection(ProjectDependencies) = postProject
		{082257E8-82DF-3E22-A670-659D2A21EF57} = {082257E8-82DF-3E22-A670-659D2A21EF57}
		{FF9A3D75-A998-38D5-88DA-0FCF555D3472} = {FF9A3D75-A998-38D5-88DA-0FCF555D3472}
		{6A550153-E6CA-31A0-906B-BE86B4B1A2BE} = {6A550153-E6CA-31A0-906B-BE86B4B1A2BE}
		{EBA130E5-A5F9-3886-8048-C50F8584B52F} = {EBA130E5-A5F9-3886-8048-C50F8584B52F}
		{AC5DBF22-9F8F-3CC7-86D3-D281AE5C815B} = {AC5DBF22-9F8F-3CC7-86D3-D281AE5C815B}
		{418A972C-31BD-3B72-A1DF-4112D1C80B2D} = {418A972C-31BD-3B72-A1DF-4112D1C80B2D}
		{4ABD41FF-8E2E-3E34-86EF-4E615A290276} = {4ABD41FF-8E2E-3E34-86EF-4E615A290276}
		{7625285D-DF2B-3D1E-91B0-6BE1CC22014B} = {7625285D-DF2B-3D1E-91B0-6BE1CC22014B}
		{5AF85E2D-B901-38A7-BB58-A656D9669A56} = {5AF85E2D-B901-38A7-BB58-A656D9669A56}
		{5F7B5590-F009-3DD3-9FAA-F964D1403CF4} = {5F7B5590-F009-3DD3-9FAA-F964D1403CF4}
		{3782E212-8D17-3533-94C7-2DF650FDF456} = {3782E212-8D17-3533-94C7-2DF650FDF456}
		{288ACFFE-8131-383C-9426-3196307D8AA6} = {288ACFFE-8131-383C-9426-3196307D8AA6}
		{66079DCD-7591-3593-9BB4-8C87085EE25C} = {66079DCD-7591-3593-9BB4-8C87085EE25C}
		{ACDF683E-DF53-361E-B17F-328970055C1C} = {ACDF683E-DF53-361E-B17F-328970055C1C}
	EndProjectSection
EndProject
Project("{8BC9CEB8-8B4A-11D0-8D11-00A0C91BC942}") = "ZERO_CHECK", "ZERO_CHECK.vcxproj", "{082257E8-82DF-3E22-A670-659D2A21EF57}"
	ProjectSection(ProjectDependencies) = postProject
	EndProjectSection
EndProject
Project("{8BC9CEB8-8B4A-11D0-8D11-00A0C91BC942}") = "ninfer", "apps\ninfer.vcxproj", "{FF9A3D75-A998-38D5-88DA-0FCF555D3472}"
	ProjectSection(ProjectDependencies) = postProject
		{082257E8-82DF-3E22-A670-659D2A21EF57} = {082257E8-82DF-3E22-A670-659D2A21EF57}
		{AC5DBF22-9F8F-3CC7-86D3-D281AE5C815B} = {AC5DBF22-9F8F-3CC7-86D3-D281AE5C815B}
		{418A972C-31BD-3B72-A1DF-4112D1C80B2D} = {418A972C-31BD-3B72-A1DF-4112D1C80B2D}
		{4ABD41FF-8E2E-3E34-86EF-4E615A290276} = {4ABD41FF-8E2E-3E34-86EF-4E615A290276}
		{7625285D-DF2B-3D1E-91B0-6BE1CC22014B} = {7625285D-DF2B-3D1E-91B0-6BE1CC22014B}
		{5AF85E2D-B901-38A7-BB58-A656D9669A56} = {5AF85E2D-B901-38A7-BB58-A656D9669A56}
		{5F7B5590-F009-3DD3-9FAA-F964D1403CF4} = {5F7B5590-F009-3DD3-9FAA-F964D1403CF4}
		{3782E212-8D17-3533-94C7-2DF650FDF456} = {3782E212-8D17-3533-94C7-2DF650FDF456}
		{288ACFFE-8131-383C-9426-3196307D8AA6} = {288ACFFE-8131-383C-9426-3196307D8AA6}
		{ACDF683E-DF53-361E-B17F-328970055C1C} = {ACDF683E-DF53-361E-B17F-328970055C1C}
	EndProjectSection
EndProject
Project("{8BC9CEB8-8B4A-11D0-8D11-00A0C91BC942}") = "ninfer-perplexity", "apps\ninfer-perplexity.vcxproj", "{6A550153-E6CA-31A0-906B-BE86B4B1A2BE}"
	ProjectSection(ProjectDependencies) = postProject
		{082257E8-82DF-3E22-A670-659D2A21EF57} = {082257E8-82DF-3E22-A670-659D2A21EF57}
		{AC5DBF22-9F8F-3CC7-86D3-D281AE5C815B} = {AC5DBF22-9F8F-3CC7-86D3-D281AE5C815B}
		{418A972C-31BD-3B72-A1DF-4112D1C80B2D} = {418A972C-31BD-3B72-A1DF-4112D1C80B2D}
		{4ABD41FF-8E2E-3E34-86EF-4E615A290276} = {4ABD41FF-8E2E-3E34-86EF-4E615A290276}
		{5AF85E2D-B901-38A7-BB58-A656D9669A56} = {5AF85E2D-B901-38A7-BB58-A656D9669A56}
		{5F7B5590-F009-3DD3-9FAA-F964D1403CF4} = {5F7B5590-F009-3DD3-9FAA-F964D1403CF4}
		{ACDF683E-DF53-361E-B17F-328970055C1C} = {ACDF683E-DF53-361E-B17F-328970055C1C}
	EndProjectSection
EndProject
Project("{8BC9CEB8-8B4A-11D0-8D11-00A0C91BC942}") = "ninfer-serve", "apps\ninfer-serve.vcxproj", "{EBA130E5-A5F9-3886-8048-C50F8584B52F}"
	ProjectSection(ProjectDependencies) = postProject
		{082257E8-82DF-3E22-A670-659D2A21EF57} = {082257E8-82DF-3E22-A670-659D2A21EF57}
		{AC5DBF22-9F8F-3CC7-86D3-D281AE5C815B} = {AC5DBF22-9F8F-3CC7-86D3-D281AE5C815B}
		{418A972C-31BD-3B72-A1DF-4112D1C80B2D} = {418A972C-31BD-3B72-A1DF-4112D1C80B2D}
		{4ABD41FF-8E2E-3E34-86EF-4E615A290276} = {4ABD41FF-8E2E-3E34-86EF-4E615A290276}
		{7625285D-DF2B-3D1E-91B0-6BE1CC22014B} = {7625285D-DF2B-3D1E-91B0-6BE1CC22014B}
		{5AF85E2D-B901-38A7-BB58-A656D9669A56} = {5AF85E2D-B901-38A7-BB58-A656D9669A56}
		{5F7B5590-F009-3DD3-9FAA-F964D1403CF4} = {5F7B5590-F009-3DD3-9FAA-F964D1403CF4}
		{3782E212-8D17-3533-94C7-2DF650FDF456} = {3782E212-8D17-3533-94C7-2DF650FDF456}
		{66079DCD-7591-3593-9BB4-8C87085EE25C} = {66079DCD-7591-3593-9BB4-8C87085EE25C}
		{ACDF683E-DF53-361E-B17F-328970055C1C} = {ACDF683E-DF53-361E-B17F-328970055C1C}
	EndProjectSection
EndProject
Project("{8BC9CEB8-8B4A-11D0-8D11-00A0C91BC942}") = "ninfer_artifact", "src\ninfer_artifact.vcxproj", "{AC5DBF22-9F8F-3CC7-86D3-D281AE5C815B}"
	ProjectSection(ProjectDependencies) = postProject
		{082257E8-82DF-3E22-A670-659D2A21EF57} = {082257E8-82DF-3E22-A670-659D2A21EF57}
		{418A972C-31BD-3B72-A1DF-4112D1C80B2D} = {418A972C-31BD-3B72-A1DF-4112D1C80B2D}
	EndProjectSection
EndProject
Project("{8BC9CEB8-8B4A-11D0-8D11-00A0C91BC942}") = "ninfer_core", "src\ninfer_core.vcxproj", "{418A972C-31BD-3B72-A1DF-4112D1C80B2D}"
	ProjectSection(ProjectDependencies) = postProject
		{082257E8-82DF-3E22-A670-659D2A21EF57} = {082257E8-82DF-3E22-A670-659D2A21EF57}
	EndProjectSection
EndProject
Project("{8BC9CEB8-8B4A-11D0-8D11-00A0C91BC942}") = "ninfer_engine", "src\ninfer_engine.vcxproj", "{4ABD41FF-8E2E-3E34-86EF-4E615A290276}"
	ProjectSection(ProjectDependencies) = postProject
		{082257E8-82DF-3E22-A670-659D2A21EF57} = {082257E8-82DF-3E22-A670-659D2A21EF57}
		{AC5DBF22-9F8F-3CC7-86D3-D281AE5C815B} = {AC5DBF22-9F8F-3CC7-86D3-D281AE5C815B}
		{418A972C-31BD-3B72-A1DF-4112D1C80B2D} = {418A972C-31BD-3B72-A1DF-4112D1C80B2D}
		{5AF85E2D-B901-38A7-BB58-A656D9669A56} = {5AF85E2D-B901-38A7-BB58-A656D9669A56}
		{5F7B5590-F009-3DD3-9FAA-F964D1403CF4} = {5F7B5590-F009-3DD3-9FAA-F964D1403CF4}
		{ACDF683E-DF53-361E-B17F-328970055C1C} = {ACDF683E-DF53-361E-B17F-328970055C1C}
	EndProjectSection
EndProject
Project("{8BC9CEB8-8B4A-11D0-8D11-00A0C91BC942}") = "ninfer_media_acquire", "src\ninfer_media_acquire.vcxproj", "{7625285D-DF2B-3D1E-91B0-6BE1CC22014B}"
	ProjectSection(ProjectDependencies) = postProject
		{082257E8-82DF-3E22-A670-659D2A21EF57} = {082257E8-82DF-3E22-A670-659D2A21EF57}
	EndProjectSection
EndProject
Project("{8BC9CEB8-8B4A-11D0-8D11-00A0C91BC942}") = "ninfer_media_decode", "src\ninfer_media_decode.vcxproj", "{5AF85E2D-B901-38A7-BB58-A656D9669A56}"
	ProjectSection(ProjectDependencies) = postProject
		{082257E8-82DF-3E22-A670-659D2A21EF57} = {082257E8-82DF-3E22-A670-659D2A21EF57}
	EndProjectSection
EndProject
Project("{8BC9CEB8-8B4A-11D0-8D11-00A0C91BC942}") = "ninfer_ops", "src\ninfer_ops.vcxproj", "{5F7B5590-F009-3DD3-9FAA-F964D1403CF4}"
	ProjectSection(ProjectDependencies) = postProject
		{082257E8-82DF-3E22-A670-659D2A21EF57} = {082257E8-82DF-3E22-A670-659D2A21EF57}
		{418A972C-31BD-3B72-A1DF-4112D1C80B2D} = {418A972C-31BD-3B72-A1DF-4112D1C80B2D}
	EndProjectSection
EndProject
Project("{8BC9CEB8-8B4A-11D0-8D11-00A0C91BC942}") = "ninfer_product_load_progress", "src\ninfer_product_load_progress.vcxproj", "{3782E212-8D17-3533-94C7-2DF650FDF456}"
	ProjectSection(ProjectDependencies) = postProject
		{082257E8-82DF-3E22-A670-659D2A21EF57} = {082257E8-82DF-3E22-A670-659D2A21EF57}
	EndProjectSection
EndProject
Project("{8BC9CEB8-8B4A-11D0-8D11-00A0C91BC942}") = "ninfer_product_prompt_input", "src\ninfer_product_prompt_input.vcxproj", "{288ACFFE-8131-383C-9426-3196307D8AA6}"
	ProjectSection(ProjectDependencies) = postProject
		{082257E8-82DF-3E22-A670-659D2A21EF57} = {082257E8-82DF-3E22-A670-659D2A21EF57}
		{7625285D-DF2B-3D1E-91B0-6BE1CC22014B} = {7625285D-DF2B-3D1E-91B0-6BE1CC22014B}
	EndProjectSection
EndProject
Project("{8BC9CEB8-8B4A-11D0-8D11-00A0C91BC942}") = "ninfer_serve", "src\ninfer_serve.vcxproj", "{66079DCD-7591-3593-9BB4-8C87085EE25C}"
	ProjectSection(ProjectDependencies) = postProject
		{082257E8-82DF-3E22-A670-659D2A21EF57} = {082257E8-82DF-3E22-A670-659D2A21EF57}
		{AC5DBF22-9F8F-3CC7-86D3-D281AE5C815B} = {AC5DBF22-9F8F-3CC7-86D3-D281AE5C815B}
		{418A972C-31BD-3B72-A1DF-4112D1C80B2D} = {418A972C-31BD-3B72-A1DF-4112D1C80B2D}
		{4ABD41FF-8E2E-3E34-86EF-4E615A290276} = {4ABD41FF-8E2E-3E34-86EF-4E615A290276}
		{7625285D-DF2B-3D1E-91B0-6BE1CC22014B} = {7625285D-DF2B-3D1E-91B0-6BE1CC22014B}
		{5AF85E2D-B901-38A7-BB58-A656D9669A56} = {5AF85E2D-B901-38A7-BB58-A656D9669A56}
		{5F7B5590-F009-3DD3-9FAA-F964D1403CF4} = {5F7B5590-F009-3DD3-9FAA-F964D1403CF4}
		{ACDF683E-DF53-361E-B17F-328970055C1C} = {ACDF683E-DF53-361E-B17F-328970055C1C}
	EndProjectSection
EndProject
Project("{8BC9CEB8-8B4A-11D0-8D11-00A0C91BC942}") = "ninfer_text", "src\ninfer_text.vcxproj", "{ACDF683E-DF53-361E-B17F-328970055C1C}"
	ProjectSection(ProjectDependencies) = postProject
		{082257E8-82DF-3E22-A670-659D2A21EF57} = {082257E8-82DF-3E22-A670-659D2A21EF57}
	EndProjectSection
EndProject
Global
	GlobalSection(SolutionConfigurationPlatforms) = preSolution
		Debug|x64 = Debug|x64
		Release|x64 = Release|x64
		MinSizeRel|x64 = MinSizeRel|x64
		RelWithDebInfo|x64 = RelWithDebInfo|x64
	EndGlobalSection
	GlobalSection(ProjectConfigurationPlatforms) = postSolution
		{D8068C2B-6314-3FB5-90A3-766B01310698}.Debug|x64.ActiveCfg = Debug|x64
		{D8068C2B-6314-3FB5-90A3-766B01310698}.Release|x64.ActiveCfg = Release|x64
		{D8068C2B-6314-3FB5-90A3-766B01310698}.MinSizeRel|x64.ActiveCfg = MinSizeRel|x64
		{D8068C2B-6314-3FB5-90A3-766B01310698}.RelWithDebInfo|x64.ActiveCfg = RelWithDebInfo|x64
		{082257E8-82DF-3E22-A670-659D2A21EF57}.Debug|x64.ActiveCfg = Debug|x64
		{082257E8-82DF-3E22-A670-659D2A21EF57}.Debug|x64.Build.0 = Debug|x64
		{082257E8-82DF-3E22-A670-659D2A21EF57}.Release|x64.ActiveCfg = Release|x64
		{082257E8-82DF-3E22-A670-659D2A21EF57}.Release|x64.Build.0 = Release|x64
		{082257E8-82DF-3E22-A670-659D2A21EF57}.MinSizeRel|x64.ActiveCfg = MinSizeRel|x64
		{082257E8-82DF-3E22-A670-659D2A21EF57}.MinSizeRel|x64.Build.0 = MinSizeRel|x64
		{082257E8-82DF-3E22-A670-659D2A21EF57}.RelWithDebInfo|x64.ActiveCfg = RelWithDebInfo|x64
		{082257E8-82DF-3E22-A670-659D2A21EF57}.RelWithDebInfo|x64.Build.0 = RelWithDebInfo|x64
		{FF9A3D75-A998-38D5-88DA-0FCF555D3472}.Debug|x64.ActiveCfg = Debug|x64
		{FF9A3D75-A998-38D5-88DA-0FCF555D3472}.Debug|x64.Build.0 = Debug|x64
		{FF9A3D75-A998-38D5-88DA-0FCF555D3472}.Release|x64.ActiveCfg = Release|x64
		{FF9A3D75-A998-38D5-88DA-0FCF555D3472}.Release|x64.Build.0 = Release|x64
		{FF9A3D75-A998-38D5-88DA-0FCF555D3472}.MinSizeRel|x64.ActiveCfg = MinSizeRel|x64
		{FF9A3D75-A998-38D5-88DA-0FCF555D3472}.MinSizeRel|x64.Build.0 = MinSizeRel|x64
		{FF9A3D75-A998-38D5-88DA-0FCF555D3472}.RelWithDebInfo|x64.ActiveCfg = RelWithDebInfo|x64
		{FF9A3D75-A998-38D5-88DA-0FCF555D3472}.RelWithDebInfo|x64.Build.0 = RelWithDebInfo|x64
		{6A550153-E6CA-31A0-906B-BE86B4B1A2BE}.Debug|x64.ActiveCfg = Debug|x64
		{6A550153-E6CA-31A0-906B-BE86B4B1A2BE}.Debug|x64.Build.0 = Debug|x64
		{6A550153-E6CA-31A0-906B-BE86B4B1A2BE}.Release|x64.ActiveCfg = Release|x64
		{6A550153-E6CA-31A0-906B-BE86B4B1A2BE}.Release|x64.Build.0 = Release|x64
		{6A550153-E6CA-31A0-906B-BE86B4B1A2BE}.MinSizeRel|x64.ActiveCfg = MinSizeRel|x64
		{6A550153-E6CA-31A0-906B-BE86B4B1A2BE}.MinSizeRel|x64.Build.0 = MinSizeRel|x64
		{6A550153-E6CA-31A0-906B-BE86B4B1A2BE}.RelWithDebInfo|x64.ActiveCfg = RelWithDebInfo|x64
		{6A550153-E6CA-31A0-906B-BE86B4B1A2BE}.RelWithDebInfo|x64.Build.0 = RelWithDebInfo|x64
		{EBA130E5-A5F9-3886-8048-C50F8584B52F}.Debug|x64.ActiveCfg = Debug|x64
		{EBA130E5-A5F9-3886-8048-C50F8584B52F}.Debug|x64.Build.0 = Debug|x64
		{EBA130E5-A5F9-3886-8048-C50F8584B52F}.Release|x64.ActiveCfg = Release|x64
		{EBA130E5-A5F9-3886-8048-C50F8584B52F}.Release|x64.Build.0 = Release|x64
		{EBA130E5-A5F9-3886-8048-C50F8584B52F}.MinSizeRel|x64.ActiveCfg = MinSizeRel|x64
		{EBA130E5-A5F9-3886-8048-C50F8584B52F}.MinSizeRel|x64.Build.0 = MinSizeRel|x64
		{EBA130E5-A5F9-3886-8048-C50F8584B52F}.RelWithDebInfo|x64.ActiveCfg = RelWithDebInfo|x64
		{EBA130E5-A5F9-3886-8048-C50F8584B52F}.RelWithDebInfo|x64.Build.0 = RelWithDebInfo|x64
		{AC5DBF22-9F8F-3CC7-86D3-D281AE5C815B}.Debug|x64.ActiveCfg = Debug|x64
		{AC5DBF22-9F8F-3CC7-86D3-D281AE5C815B}.Debug|x64.Build.0 = Debug|x64
		{AC5DBF22-9F8F-3CC7-86D3-D281AE5C815B}.Release|x64.ActiveCfg = Release|x64
		{AC5DBF22-9F8F-3CC7-86D3-D281AE5C815B}.Release|x64.Build.0 = Release|x64
		{AC5DBF22-9F8F-3CC7-86D3-D281AE5C815B}.MinSizeRel|x64.ActiveCfg = MinSizeRel|x64
		{AC5DBF22-9F8F-3CC7-86D3-D281AE5C815B}.MinSizeRel|x64.Build.0 = MinSizeRel|x64
		{AC5DBF22-9F8F-3CC7-86D3-D281AE5C815B}.RelWithDebInfo|x64.ActiveCfg = RelWithDebInfo|x64
		{AC5DBF22-9F8F-3CC7-86D3-D281AE5C815B}.RelWithDebInfo|x64.Build.0 = RelWithDebInfo|x64
		{418A972C-31BD-3B72-A1DF-4112D1C80B2D}.Debug|x64.ActiveCfg = Debug|x64
		{418A972C-31BD-3B72-A1DF-4112D1C80B2D}.Debug|x64.Build.0 = Debug|x64
		{418A972C-31BD-3B72-A1DF-4112D1C80B2D}.Release|x64.ActiveCfg = Release|x64
		{418A972C-31BD-3B72-A1DF-4112D1C80B2D}.Release|x64.Build.0 = Release|x64
		{418A972C-31BD-3B72-A1DF-4112D1C80B2D}.MinSizeRel|x64.ActiveCfg = MinSizeRel|x64
		{418A972C-31BD-3B72-A1DF-4112D1C80B2D}.MinSizeRel|x64.Build.0 = MinSizeRel|x64
		{418A972C-31BD-3B72-A1DF-4112D1C80B2D}.RelWithDebInfo|x64.ActiveCfg = RelWithDebInfo|x64
		{418A972C-31BD-3B72-A1DF-4112D1C80B2D}.RelWithDebInfo|x64.Build.0 = RelWithDebInfo|x64
		{4ABD41FF-8E2E-3E34-86EF-4E615A290276}.Debug|x64.ActiveCfg = Debug|x64
		{4ABD41FF-8E2E-3E34-86EF-4E615A290276}.Debug|x64.Build.0 = Debug|x64
		{4ABD41FF-8E2E-3E34-86EF-4E615A290276}.Release|x64.ActiveCfg = Release|x64
		{4ABD41FF-8E2E-3E34-86EF-4E615A290276}.Release|x64.Build.0 = Release|x64
		{4ABD41FF-8E2E-3E34-86EF-4E615A290276}.MinSizeRel|x64.ActiveCfg = MinSizeRel|x64
		{4ABD41FF-8E2E-3E34-86EF-4E615A290276}.MinSizeRel|x64.Build.0 = MinSizeRel|x64
		{4ABD41FF-8E2E-3E34-86EF-4E615A290276}.RelWithDebInfo|x64.ActiveCfg = RelWithDebInfo|x64
		{4ABD41FF-8E2E-3E34-86EF-4E615A290276}.RelWithDebInfo|x64.Build.0 = RelWithDebInfo|x64
		{7625285D-DF2B-3D1E-91B0-6BE1CC22014B}.Debug|x64.ActiveCfg = Debug|x64
		{7625285D-DF2B-3D1E-91B0-6BE1CC22014B}.Debug|x64.Build.0 = Debug|x64
		{7625285D-DF2B-3D1E-91B0-6BE1CC22014B}.Release|x64.ActiveCfg = Release|x64
		{7625285D-DF2B-3D1E-91B0-6BE1CC22014B}.Release|x64.Build.0 = Release|x64
		{7625285D-DF2B-3D1E-91B0-6BE1CC22014B}.MinSizeRel|x64.ActiveCfg = MinSizeRel|x64
		{7625285D-DF2B-3D1E-91B0-6BE1CC22014B}.MinSizeRel|x64.Build.0 = MinSizeRel|x64
		{7625285D-DF2B-3D1E-91B0-6BE1CC22014B}.RelWithDebInfo|x64.ActiveCfg = RelWithDebInfo|x64
		{7625285D-DF2B-3D1E-91B0-6BE1CC22014B}.RelWithDebInfo|x64.Build.0 = RelWithDebInfo|x64
		{5AF85E2D-B901-38A7-BB58-A656D9669A56}.Debug|x64.ActiveCfg = Debug|x64
		{5AF85E2D-B901-38A7-BB58-A656D9669A56}.Debug|x64.Build.0 = Debug|x64
		{5AF85E2D-B901-38A7-BB58-A656D9669A56}.Release|x64.ActiveCfg = Release|x64
		{5AF85E2D-B901-38A7-BB58-A656D9669A56}.Release|x64.Build.0 = Release|x64
		{5AF85E2D-B901-38A7-BB58-A656D9669A56}.MinSizeRel|x64.ActiveCfg = MinSizeRel|x64
		{5AF85E2D-B901-38A7-BB58-A656D9669A56}.MinSizeRel|x64.Build.0 = MinSizeRel|x64
		{5AF85E2D-B901-38A7-BB58-A656D9669A56}.RelWithDebInfo|x64.ActiveCfg = RelWithDebInfo|x64
		{5AF85E2D-B901-38A7-BB58-A656D9669A56}.RelWithDebInfo|x64.Build.0 = RelWithDebInfo|x64
		{5F7B5590-F009-3DD3-9FAA-F964D1403CF4}.Debug|x64.ActiveCfg = Debug|x64
		{5F7B5590-F009-3DD3-9FAA-F964D1403CF4}.Debug|x64.Build.0 = Debug|x64
		{5F7B5590-F009-3DD3-9FAA-F964D1403CF4}.Release|x64.ActiveCfg = Release|x64
		{5F7B5590-F009-3DD3-9FAA-F964D1403CF4}.Release|x64.Build.0 = Release|x64
		{5F7B5590-F009-3DD3-9FAA-F964D1403CF4}.MinSizeRel|x64.ActiveCfg = MinSizeRel|x64
		{5F7B5590-F009-3DD3-9FAA-F964D1403CF4}.MinSizeRel|x64.Build.0 = MinSizeRel|x64
		{5F7B5590-F009-3DD3-9FAA-F964D1403CF4}.RelWithDebInfo|x64.ActiveCfg = RelWithDebInfo|x64
		{5F7B5590-F009-3DD3-9FAA-F964D1403CF4}.RelWithDebInfo|x64.Build.0 = RelWithDebInfo|x64
		{3782E212-8D17-3533-94C7-2DF650FDF456}.Debug|x64.ActiveCfg = Debug|x64
		{3782E212-8D17-3533-94C7-2DF650FDF456}.Debug|x64.Build.0 = Debug|x64
		{3782E212-8D17-3533-94C7-2DF650FDF456}.Release|x64.ActiveCfg = Release|x64
		{3782E212-8D17-3533-94C7-2DF650FDF456}.Release|x64.Build.0 = Release|x64
		{3782E212-8D17-3533-94C7-2DF650FDF456}.MinSizeRel|x64.ActiveCfg = MinSizeRel|x64
		{3782E212-8D17-3533-94C7-2DF650FDF456}.MinSizeRel|x64.Build.0 = MinSizeRel|x64
		{3782E212-8D17-3533-94C7-2DF650FDF456}.RelWithDebInfo|x64.ActiveCfg = RelWithDebInfo|x64
		{3782E212-8D17-3533-94C7-2DF650FDF456}.RelWithDebInfo|x64.Build.0 = RelWithDebInfo|x64
		{288ACFFE-8131-383C-9426-3196307D8AA6}.Debug|x64.ActiveCfg = Debug|x64
		{288ACFFE-8131-383C-9426-3196307D8AA6}.Debug|x64.Build.0 = Debug|x64
		{288ACFFE-8131-383C-9426-3196307D8AA6}.Release|x64.ActiveCfg = Release|x64
		{288ACFFE-8131-383C-9426-3196307D8AA6}.Release|x64.Build.0 = Release|x64
		{288ACFFE-8131-383C-9426-3196307D8AA6}.MinSizeRel|x64.ActiveCfg = MinSizeRel|x64
		{288ACFFE-8131-383C-9426-3196307D8AA6}.MinSizeRel|x64.Build.0 = MinSizeRel|x64
		{288ACFFE-8131-383C-9426-3196307D8AA6}.RelWithDebInfo|x64.ActiveCfg = RelWithDebInfo|x64
		{288ACFFE-8131-383C-9426-3196307D8AA6}.RelWithDebInfo|x64.Build.0 = RelWithDebInfo|x64
		{66079DCD-7591-3593-9BB4-8C87085EE25C}.Debug|x64.ActiveCfg = Debug|x64
		{66079DCD-7591-3593-9BB4-8C87085EE25C}.Debug|x64.Build.0 = Debug|x64
		{66079DCD-7591-3593-9BB4-8C87085EE25C}.Release|x64.ActiveCfg = Release|x64
		{66079DCD-7591-3593-9BB4-8C87085EE25C}.Release|x64.Build.0 = Release|x64
		{66079DCD-7591-3593-9BB4-8C87085EE25C}.MinSizeRel|x64.ActiveCfg = MinSizeRel|x64
		{66079DCD-7591-3593-9BB4-8C87085EE25C}.MinSizeRel|x64.Build.0 = MinSizeRel|x64
		{66079DCD-7591-3593-9BB4-8C87085EE25C}.RelWithDebInfo|x64.ActiveCfg = RelWithDebInfo|x64
		{66079DCD-7591-3593-9BB4-8C87085EE25C}.RelWithDebInfo|x64.Build.0 = RelWithDebInfo|x64
		{ACDF683E-DF53-361E-B17F-328970055C1C}.Debug|x64.ActiveCfg = Debug|x64
		{ACDF683E-DF53-361E-B17F-328970055C1C}.Debug|x64.Build.0 = Debug|x64
		{ACDF683E-DF53-361E-B17F-328970055C1C}.Release|x64.ActiveCfg = Release|x64
		{ACDF683E-DF53-361E-B17F-328970055C1C}.Release|x64.Build.0 = Release|x64
		{ACDF683E-DF53-361E-B17F-328970055C1C}.MinSizeRel|x64.ActiveCfg = MinSizeRel|x64
		{ACDF683E-DF53-361E-B17F-328970055C1C}.MinSizeRel|x64.Build.0 = MinSizeRel|x64
		{ACDF683E-DF53-361E-B17F-328970055C1C}.RelWithDebInfo|x64.ActiveCfg = RelWithDebInfo|x64
		{ACDF683E-DF53-361E-B17F-328970055C1C}.RelWithDebInfo|x64.Build.0 = RelWithDebInfo|x64
	EndGlobalSection
	GlobalSection(NestedProjects) = preSolution
		{D8068C2B-6314-3FB5-90A3-766B01310698} = {B69E6AED-21C3-3C05-B9E2-E4332B2F2CB5}
		{082257E8-82DF-3E22-A670-659D2A21EF57} = {B69E6AED-21C3-3C05-B9E2-E4332B2F2CB5}
	EndGlobalSection
	GlobalSection(ExtensibilityGlobals) = postSolution
		SolutionGuid = {3D7E4935-8C3B-364D-A839-E925A5B88EB1}
	EndGlobalSection
	GlobalSection(ExtensibilityAddIns) = postSolution
	EndGlobalSection
EndGlobal
