<?xml version="1.0" encoding="utf-8"?>
<Project ToolsVersion="17.0" xmlns="http://schemas.microsoft.com/developer/msbuild/2003">
  <ItemGroup>
    <CustomBuild Include="D:\ninfer-build\CMakeFiles\42387a943e7e28c88d08265d12f90618\generate.stamp.rule">
      <Filter>CMake Rules</Filter>
    </CustomBuild>
  </ItemGroup>
  <ItemGroup>
    <Filter Include="CMake Rules">
      <UniqueIdentifier>{2BF3D567-F108-3D5E-87D8-01D13CE72810}</UniqueIdentifier>
    </Filter>
  </ItemGroup>
</Project>
