<?xml version="1.0" encoding="utf-8"?>
<Project ToolsVersion="17.0" xmlns="http://schemas.microsoft.com/developer/msbuild/2003">
  <ItemGroup>
    <ClCompile Include="C:\Users\lsy57\Downloads\ninfer-3090-master\apps\serve\main.cpp">
      <Filter>Source Files</Filter>
    </ClCompile>
  </ItemGroup>
  <ItemGroup>
    <CustomBuild Include="C:\Users\lsy57\Downloads\ninfer-3090-master\apps\CMakeLists.txt" />
  </ItemGroup>
  <ItemGroup>
    <Filter Include="Source Files">
      <UniqueIdentifier>{1B2BE0C5-53CB-3771-A0D0-685A504B0558}</UniqueIdentifier>
    </Filter>
  </ItemGroup>
</Project>
